
Microsoft Visual Studio Solution File, Format Version 12.00
# Visual Studio 15
VisualStudioVersion = 15.0.26124.0
MinimumVisualStudioVersion = 15.0.26124.0
Project("{FAE04EC0-301F-11D3-BF4B-00C04F79EFBC}") = "TeslaAuth", "library\TeslaAuth.csproj", "{676FCCF0-2584-4D78-AF5D-E64CB5204B5F}"
EndProject
Project("{FAE04EC0-301F-11D3-BF4B-00C04F79EFBC}") = "test", "test\test.csproj", "{D12FB39B-36F8-4FAB-981A-EB249598C0DC}"
EndProject
Global
	GlobalSection(SolutionConfigurationPlatforms) = preSolution
		Debug|Any CPU = Debug|Any CPU
		Debug|x64 = Debug|x64
		Debug|x86 = Debug|x86
		Release|Any CPU = Release|Any CPU
		Release|x64 = Release|x64
		Release|x86 = Release|x86
	EndGlobalSection
	GlobalSection(SolutionProperties) = preSolution
		HideSolutionNode = FALSE
	EndGlobalSection
	GlobalSection(ProjectConfigurationPlatforms) = postSolution
		{676FCCF0-2584-4D78-AF5D-E64CB5204B5F}.Debug|Any CPU.ActiveCfg = Debug|Any CPU
		{676FCCF0-2584-4D78-AF5D-E64CB5204B5F}.Debug|Any CPU.Build.0 = Debug|Any CPU
		{676FCCF0-2584-4D78-AF5D-E64CB5204B5F}.Debug|x64.ActiveCfg = Debug|Any CPU
		{676FCCF0-2584-4D78-AF5D-E64CB5204B5F}.Debug|x64.Build.0 = Debug|Any CPU
		{676FCCF0-2584-4D78-AF5D-E64CB5204B5F}.Debug|x86.ActiveCfg = Debug|Any CPU
		{676FCCF0-2584-4D78-AF5D-E64CB5204B5F}.Debug|x86.Build.0 = Debug|Any CPU
		{676FCCF0-2584-4D78-AF5D-E64CB5204B5F}.Release|Any CPU.ActiveCfg = Release|Any CPU
		{676FCCF0-2584-4D78-AF5D-E64CB5204B5F}.Release|Any CPU.Build.0 = Release|Any CPU
		{676FCCF0-2584-4D78-AF5D-E64CB5204B5F}.Release|x64.ActiveCfg = Release|Any CPU
		{676FCCF0-2584-4D78-AF5D-E64CB5204B5F}.Release|x64.Build.0 = Release|Any CPU
		{676FCCF0-2584-4D78-AF5D-E64CB5204B5F}.Release|x86.ActiveCfg = Release|Any CPU
		{676FCCF0-2584-4D78-AF5D-E64CB5204B5F}.Release|x86.Build.0 = Release|Any CPU
		{D12FB39B-36F8-4FAB-981A-EB249598C0DC}.Debug|Any CPU.ActiveCfg = Debug|Any CPU
		{D12FB39B-36F8-4FAB-981A-EB249598C0DC}.Debug|Any CPU.Build.0 = Debug|Any CPU
		{D12FB39B-36F8-4FAB-981A-EB249598C0DC}.Debug|x64.ActiveCfg = Debug|Any CPU
		{D12FB39B-36F8-4FAB-981A-EB249598C0DC}.Debug|x64.Build.0 = Debug|Any CPU
		{D12FB39B-36F8-4FAB-981A-EB249598C0DC}.Debug|x86.ActiveCfg = Debug|Any CPU
		{D12FB39B-36F8-4FAB-981A-EB249598C0DC}.Debug|x86.Build.0 = Debug|Any CPU
		{D12FB39B-36F8-4FAB-981A-EB249598C0DC}.Release|Any CPU.ActiveCfg = Release|Any CPU
		{D12FB39B-36F8-4FAB-981A-EB249598C0DC}.Release|Any CPU.Build.0 = Release|Any CPU
		{D12FB39B-36F8-4FAB-981A-EB249598C0DC}.Release|x64.ActiveCfg = Release|Any CPU
		{D12FB39B-36F8-4FAB-981A-EB249598C0DC}.Release|x64.Build.0 = Release|Any CPU
		{D12FB39B-36F8-4FAB-981A-EB249598C0DC}.Release|x86.ActiveCfg = Release|Any CPU
		{D12FB39B-36F8-4FAB-981A-EB249598C0DC}.Release|x86.Build.0 = Release|Any CPU
	EndGlobalSection
EndGlobal
